
Microsoft Visual Studio Solution File, Format Version 12.00
# Visual Studio Version 17
VisualStudioVersion = 17.8.34309.116
MinimumVisualStudioVersion = 10.0.40219.1
Project("{FAE04EC0-301F-11D3-BF4B-00C04F79EFBC}") = "0018", "0018\0018.csproj", "{595A3C45-0660-4C23-AEF4-A3E4F871D791}"
EndProject
Project("{FAE04EC0-301F-11D3-BF4B-00C04F79EFBC}") = "0019", "0019\0019.csproj", "{472AB85A-9C9D-44DB-93C3-B9ADFD19412C}"
EndProject
Project("{FAE04EC0-301F-11D3-BF4B-00C04F79EFBC}") = "0020", "0020\0020.csproj", "{A666E0CB-D87F-4523-A18D-C22725CA49FE}"
EndProject
Project("{FAE04EC0-301F-11D3-BF4B-00C04F79EFBC}") = "0021", "0021\0021.csproj", "{5CB11E81-BC3A-47C3-A756-9C3759C09716}"
EndProject
Project("{FAE04EC0-301F-11D3-BF4B-00C04F79EFBC}") = "0022", "0022\0022.csproj", "{D560C19C-FE35-4D2E-81C2-2D0DEF0D2B5B}"
EndProject
Project("{FAE04EC0-301F-11D3-BF4B-00C04F79EFBC}") = "Lib", "Lib\Lib.csproj", "{C4DADA22-C349-40FA-BB45-DB4FD759C560}"
EndProject
Project("{FAE04EC0-301F-11D3-BF4B-00C04F79EFBC}") = "0023", "0023\0023.csproj", "{4784B732-E012-42F3-8430-ACD5304E54D4}"
EndProject
Global
	GlobalSection(SolutionConfigurationPlatforms) = preSolution
		Debug|Any CPU = Debug|Any CPU
		Release|Any CPU = Release|Any CPU
	EndGlobalSection
	GlobalSection(ProjectConfigurationPlatforms) = postSolution
		{595A3C45-0660-4C23-AEF4-A3E4F871D791}.Debug|Any CPU.ActiveCfg = Debug|Any CPU
		{595A3C45-0660-4C23-AEF4-A3E4F871D791}.Debug|Any CPU.Build.0 = Debug|Any CPU
		{595A3C45-0660-4C23-AEF4-A3E4F871D791}.Release|Any CPU.ActiveCfg = Release|Any CPU
		{595A3C45-0660-4C23-AEF4-A3E4F871D791}.Release|Any CPU.Build.0 = Release|Any CPU
		{472AB85A-9C9D-44DB-93C3-B9ADFD19412C}.Debug|Any CPU.ActiveCfg = Debug|Any CPU
		{472AB85A-9C9D-44DB-93C3-B9ADFD19412C}.Debug|Any CPU.Build.0 = Debug|Any CPU
		{472AB85A-9C9D-44DB-93C3-B9ADFD19412C}.Release|Any CPU.ActiveCfg = Release|Any CPU
		{472AB85A-9C9D-44DB-93C3-B9ADFD19412C}.Release|Any CPU.Build.0 = Release|Any CPU
		{A666E0CB-D87F-4523-A18D-C22725CA49FE}.Debug|Any CPU.ActiveCfg = Debug|Any CPU
		{A666E0CB-D87F-4523-A18D-C22725CA49FE}.Debug|Any CPU.Build.0 = Debug|Any CPU
		{A666E0CB-D87F-4523-A18D-C22725CA49FE}.Release|Any CPU.ActiveCfg = Release|Any CPU
		{A666E0CB-D87F-4523-A18D-C22725CA49FE}.Release|Any CPU.Build.0 = Release|Any CPU
		{5CB11E81-BC3A-47C3-A756-9C3759C09716}.Debug|Any CPU.ActiveCfg = Debug|Any CPU
		{5CB11E81-BC3A-47C3-A756-9C3759C09716}.Debug|Any CPU.Build.0 = Debug|Any CPU
		{5CB11E81-BC3A-47C3-A756-9C3759C09716}.Release|Any CPU.ActiveCfg = Release|Any CPU
		{5CB11E81-BC3A-47C3-A756-9C3759C09716}.Release|Any CPU.Build.0 = Release|Any CPU
		{D560C19C-FE35-4D2E-81C2-2D0DEF0D2B5B}.Debug|Any CPU.ActiveCfg = Debug|Any CPU
		{D560C19C-FE35-4D2E-81C2-2D0DEF0D2B5B}.Debug|Any CPU.Build.0 = Debug|Any CPU
		{D560C19C-FE35-4D2E-81C2-2D0DEF0D2B5B}.Release|Any CPU.ActiveCfg = Release|Any CPU
		{D560C19C-FE35-4D2E-81C2-2D0DEF0D2B5B}.Release|Any CPU.Build.0 = Release|Any CPU
		{C4DADA22-C349-40FA-BB45-DB4FD759C560}.Debug|Any CPU.ActiveCfg = Debug|Any CPU
		{C4DADA22-C349-40FA-BB45-DB4FD759C560}.Debug|Any CPU.Build.0 = Debug|Any CPU
		{C4DADA22-C349-40FA-BB45-DB4FD759C560}.Release|Any CPU.ActiveCfg = Release|Any CPU
		{C4DADA22-C349-40FA-BB45-DB4FD759C560}.Release|Any CPU.Build.0 = Release|Any CPU
		{4784B732-E012-42F3-8430-ACD5304E54D4}.Debug|Any CPU.ActiveCfg = Debug|Any CPU
		{4784B732-E012-42F3-8430-ACD5304E54D4}.Debug|Any CPU.Build.0 = Debug|Any CPU
		{4784B732-E012-42F3-8430-ACD5304E54D4}.Release|Any CPU.ActiveCfg = Release|Any CPU
		{4784B732-E012-42F3-8430-ACD5304E54D4}.Release|Any CPU.Build.0 = Release|Any CPU
	EndGlobalSection
	GlobalSection(SolutionProperties) = preSolution
		HideSolutionNode = FALSE
	EndGlobalSection
	GlobalSection(ExtensibilityGlobals) = postSolution
		SolutionGuid = {EA0641B5-6D83-4191-A767-F76FC33266D3}
	EndGlobalSection
EndGlobal
