
Microsoft Visual Studio Solution File, Format Version 12.00
# Visual Studio Version 17
VisualStudioVersion = 17.8.34309.116
MinimumVisualStudioVersion = 10.0.40219.1
Project("{FAE04EC0-301F-11D3-BF4B-00C04F79EFBC}") = "0018", "0018\0018.csproj", "{595A3C45-0660-4C23-AEF4-A3E4F871D791}"
EndProject
Global
	GlobalSection(SolutionConfigurationPlatforms) = preSolution
		Debug|Any CPU = Debug|Any CPU
		Release|Any CPU = Release|Any CPU
	EndGlobalSection
	GlobalSection(ProjectConfigurationPlatforms) = postSolution
		{595A3C45-0660-4C23-AEF4-A3E4F871D791}.Debug|Any CPU.ActiveCfg = Debug|Any CPU
		{595A3C45-0660-4C23-AEF4-A3E4F871D791}.Debug|Any CPU.Build.0 = Debug|Any CPU
		{595A3C45-0660-4C23-AEF4-A3E4F871D791}.Release|Any CPU.ActiveCfg = Release|Any CPU
		{595A3C45-0660-4C23-AEF4-A3E4F871D791}.Release|Any CPU.Build.0 = Release|Any CPU
	EndGlobalSection
	GlobalSection(SolutionProperties) = preSolution
		HideSolutionNode = FALSE
	EndGlobalSection
	GlobalSection(ExtensibilityGlobals) = postSolution
		SolutionGuid = {EA0641B5-6D83-4191-A767-F76FC33266D3}
	EndGlobalSection
EndGlobal
